
Microsoft Visual Studio Solution File, Format Version 12.00
Project("{FAE04EC0-301F-11D3-BF4B-00C04F79EFBC}") = "Search.Core", "Search.Core\Search.Core.csproj", "{8B815228-63F0-4A81-B31B-1D1C20EA2A8B}"
EndProject
Project("{FAE04EC0-301F-11D3-BF4B-00C04F79EFBC}") = "MessageBus.Core", "MessageBus.Core\MessageBus.Core.csproj", "{7EB6352C-AEF2-44AE-AD53-763A513FE647}"
EndProject
Project("{FAE04EC0-301F-11D3-BF4B-00C04F79EFBC}") = "ElasticSearchExample", "ElasticSearchExample\ElasticSearchExample.csproj", "{B73AB0D8-42D3-41B6-9A70-485D0BAC0389}"
EndProject
Project("{FAE04EC0-301F-11D3-BF4B-00C04F79EFBC}") = "SearchIndexerExample", "SearchIndexerExample\SearchIndexerExample.csproj", "{BFED0130-6767-4CD8-9607-6115A601A603}"
EndProject
Global
	GlobalSection(SolutionConfigurationPlatforms) = preSolution
		Debug|Any CPU = Debug|Any CPU
		Release|Any CPU = Release|Any CPU
	EndGlobalSection
	GlobalSection(ProjectConfigurationPlatforms) = postSolution
		{8B815228-63F0-4A81-B31B-1D1C20EA2A8B}.Debug|Any CPU.ActiveCfg = Debug|Any CPU
		{8B815228-63F0-4A81-B31B-1D1C20EA2A8B}.Debug|Any CPU.Build.0 = Debug|Any CPU
		{8B815228-63F0-4A81-B31B-1D1C20EA2A8B}.Release|Any CPU.ActiveCfg = Release|Any CPU
		{8B815228-63F0-4A81-B31B-1D1C20EA2A8B}.Release|Any CPU.Build.0 = Release|Any CPU
		{7EB6352C-AEF2-44AE-AD53-763A513FE647}.Debug|Any CPU.ActiveCfg = Debug|Any CPU
		{7EB6352C-AEF2-44AE-AD53-763A513FE647}.Debug|Any CPU.Build.0 = Debug|Any CPU
		{7EB6352C-AEF2-44AE-AD53-763A513FE647}.Release|Any CPU.ActiveCfg = Release|Any CPU
		{7EB6352C-AEF2-44AE-AD53-763A513FE647}.Release|Any CPU.Build.0 = Release|Any CPU
		{B73AB0D8-42D3-41B6-9A70-485D0BAC0389}.Debug|Any CPU.ActiveCfg = Debug|Any CPU
		{B73AB0D8-42D3-41B6-9A70-485D0BAC0389}.Debug|Any CPU.Build.0 = Debug|Any CPU
		{B73AB0D8-42D3-41B6-9A70-485D0BAC0389}.Release|Any CPU.ActiveCfg = Release|Any CPU
		{B73AB0D8-42D3-41B6-9A70-485D0BAC0389}.Release|Any CPU.Build.0 = Release|Any CPU
		{BFED0130-6767-4CD8-9607-6115A601A603}.Debug|Any CPU.ActiveCfg = Debug|Any CPU
		{BFED0130-6767-4CD8-9607-6115A601A603}.Debug|Any CPU.Build.0 = Debug|Any CPU
		{BFED0130-6767-4CD8-9607-6115A601A603}.Release|Any CPU.ActiveCfg = Release|Any CPU
		{BFED0130-6767-4CD8-9607-6115A601A603}.Release|Any CPU.Build.0 = Release|Any CPU
	EndGlobalSection
EndGlobal
